
Microsoft Visual Studio Solution File, Format Version 12.00
# Visual Studio Version 16
VisualStudioVersion = 16.0.30406.217
MinimumVisualStudioVersion = 10.0.40219.1
Project("{9A19103F-16F7-4668-BE54-9A1E7A4F7556}") = "StockChat.WebApi", "StockChat.WebApi\StockChat.WebApi.csproj", "{9A83AF27-5EE8-4B80-BDEA-543677007BF9}"
EndProject
Project("{9A19103F-16F7-4668-BE54-9A1E7A4F7556}") = "StockChat.Infrastructure", "StockChat.Infrastructure\StockChat.Infrastructure.csproj", "{B8AE94FF-D525-4C31-A08A-D9B2BC6971E9}"
EndProject
Project("{9A19103F-16F7-4668-BE54-9A1E7A4F7556}") = "StockChat.Domain", "StockChat.Domain\StockChat.Domain.csproj", "{E06D6A6D-2B2A-4B37-A687-13EAC0B018C8}"
EndProject
Project("{9A19103F-16F7-4668-BE54-9A1E7A4F7556}") = "StockChat.Application", "StockChat.Application\StockChat.Application.csproj", "{9DCEFF02-4429-4B58-A29F-6F455272E9BE}"
EndProject
Project("{2150E333-8FDC-42A3-9474-1A3956D46DE8}") = "StockChat", "StockChat", "{F3B851E8-CBFE-4253-9BA4-2A5296F743AC}"
EndProject
Project("{2150E333-8FDC-42A3-9474-1A3956D46DE8}") = "StockChatBot", "StockChatBot", "{8A02A56C-A271-43B2-8CF1-10D5C029F449}"
EndProject
Project("{FAE04EC0-301F-11D3-BF4B-00C04F79EFBC}") = "StockChatBot.Worker.Consumer", "StockChatBot.Worker\StockChatBot.Worker.Consumer.csproj", "{DE785FF7-2A15-4ED2-AC71-2DA092D05DBA}"
EndProject
Project("{FAE04EC0-301F-11D3-BF4B-00C04F79EFBC}") = "StockChatBot.Infrastructure", "StockChatBot.Infrastructure\StockChatBot.Infrastructure.csproj", "{D2AE8542-9B1E-4A80-ACF0-5082CCA2139B}"
EndProject
Project("{FAE04EC0-301F-11D3-BF4B-00C04F79EFBC}") = "StockChatBot.Domain", "StockChatBot.Domain\StockChatBot.Domain.csproj", "{45318DE5-CD97-4B9F-B9AC-129A6E43FADA}"
EndProject
Project("{FAE04EC0-301F-11D3-BF4B-00C04F79EFBC}") = "StockChatBot.Worker.Producer", "StockChatBot.Worker.Producer\StockChatBot.Worker.Producer.csproj", "{7D40A326-91B3-4127-821F-A6FEF9B06B94}"
EndProject
Project("{FAE04EC0-301F-11D3-BF4B-00C04F79EFBC}") = "StockChatBot.Application", "StockChatBot.Application\StockChatBot.Application.csproj", "{8CE742C7-AB2F-472A-9B01-1E2B5A845DA9}"
EndProject
Global
	GlobalSection(SolutionConfigurationPlatforms) = preSolution
		Debug|Any CPU = Debug|Any CPU
		Release|Any CPU = Release|Any CPU
	EndGlobalSection
	GlobalSection(ProjectConfigurationPlatforms) = postSolution
		{9A83AF27-5EE8-4B80-BDEA-543677007BF9}.Debug|Any CPU.ActiveCfg = Debug|Any CPU
		{9A83AF27-5EE8-4B80-BDEA-543677007BF9}.Debug|Any CPU.Build.0 = Debug|Any CPU
		{9A83AF27-5EE8-4B80-BDEA-543677007BF9}.Release|Any CPU.ActiveCfg = Release|Any CPU
		{9A83AF27-5EE8-4B80-BDEA-543677007BF9}.Release|Any CPU.Build.0 = Release|Any CPU
		{B8AE94FF-D525-4C31-A08A-D9B2BC6971E9}.Debug|Any CPU.ActiveCfg = Debug|Any CPU
		{B8AE94FF-D525-4C31-A08A-D9B2BC6971E9}.Debug|Any CPU.Build.0 = Debug|Any CPU
		{B8AE94FF-D525-4C31-A08A-D9B2BC6971E9}.Release|Any CPU.ActiveCfg = Release|Any CPU
		{B8AE94FF-D525-4C31-A08A-D9B2BC6971E9}.Release|Any CPU.Build.0 = Release|Any CPU
		{E06D6A6D-2B2A-4B37-A687-13EAC0B018C8}.Debug|Any CPU.ActiveCfg = Debug|Any CPU
		{E06D6A6D-2B2A-4B37-A687-13EAC0B018C8}.Debug|Any CPU.Build.0 = Debug|Any CPU
		{E06D6A6D-2B2A-4B37-A687-13EAC0B018C8}.Release|Any CPU.ActiveCfg = Release|Any CPU
		{E06D6A6D-2B2A-4B37-A687-13EAC0B018C8}.Release|Any CPU.Build.0 = Release|Any CPU
		{9DCEFF02-4429-4B58-A29F-6F455272E9BE}.Debug|Any CPU.ActiveCfg = Debug|Any CPU
		{9DCEFF02-4429-4B58-A29F-6F455272E9BE}.Debug|Any CPU.Build.0 = Debug|Any CPU
		{9DCEFF02-4429-4B58-A29F-6F455272E9BE}.Release|Any CPU.ActiveCfg = Release|Any CPU
		{9DCEFF02-4429-4B58-A29F-6F455272E9BE}.Release|Any CPU.Build.0 = Release|Any CPU
		{DE785FF7-2A15-4ED2-AC71-2DA092D05DBA}.Debug|Any CPU.ActiveCfg = Debug|Any CPU
		{DE785FF7-2A15-4ED2-AC71-2DA092D05DBA}.Debug|Any CPU.Build.0 = Debug|Any CPU
		{DE785FF7-2A15-4ED2-AC71-2DA092D05DBA}.Release|Any CPU.ActiveCfg = Release|Any CPU
		{DE785FF7-2A15-4ED2-AC71-2DA092D05DBA}.Release|Any CPU.Build.0 = Release|Any CPU
		{D2AE8542-9B1E-4A80-ACF0-5082CCA2139B}.Debug|Any CPU.ActiveCfg = Debug|Any CPU
		{D2AE8542-9B1E-4A80-ACF0-5082CCA2139B}.Debug|Any CPU.Build.0 = Debug|Any CPU
		{D2AE8542-9B1E-4A80-ACF0-5082CCA2139B}.Release|Any CPU.ActiveCfg = Release|Any CPU
		{D2AE8542-9B1E-4A80-ACF0-5082CCA2139B}.Release|Any CPU.Build.0 = Release|Any CPU
		{45318DE5-CD97-4B9F-B9AC-129A6E43FADA}.Debug|Any CPU.ActiveCfg = Debug|Any CPU
		{45318DE5-CD97-4B9F-B9AC-129A6E43FADA}.Debug|Any CPU.Build.0 = Debug|Any CPU
		{45318DE5-CD97-4B9F-B9AC-129A6E43FADA}.Release|Any CPU.ActiveCfg = Release|Any CPU
		{45318DE5-CD97-4B9F-B9AC-129A6E43FADA}.Release|Any CPU.Build.0 = Release|Any CPU
		{7D40A326-91B3-4127-821F-A6FEF9B06B94}.Debug|Any CPU.ActiveCfg = Debug|Any CPU
		{7D40A326-91B3-4127-821F-A6FEF9B06B94}.Debug|Any CPU.Build.0 = Debug|Any CPU
		{7D40A326-91B3-4127-821F-A6FEF9B06B94}.Release|Any CPU.ActiveCfg = Release|Any CPU
		{7D40A326-91B3-4127-821F-A6FEF9B06B94}.Release|Any CPU.Build.0 = Release|Any CPU
		{8CE742C7-AB2F-472A-9B01-1E2B5A845DA9}.Debug|Any CPU.ActiveCfg = Debug|Any CPU
		{8CE742C7-AB2F-472A-9B01-1E2B5A845DA9}.Debug|Any CPU.Build.0 = Debug|Any CPU
		{8CE742C7-AB2F-472A-9B01-1E2B5A845DA9}.Release|Any CPU.ActiveCfg = Release|Any CPU
		{8CE742C7-AB2F-472A-9B01-1E2B5A845DA9}.Release|Any CPU.Build.0 = Release|Any CPU
	EndGlobalSection
	GlobalSection(SolutionProperties) = preSolution
		HideSolutionNode = FALSE
	EndGlobalSection
	GlobalSection(NestedProjects) = preSolution
		{9A83AF27-5EE8-4B80-BDEA-543677007BF9} = {F3B851E8-CBFE-4253-9BA4-2A5296F743AC}
		{B8AE94FF-D525-4C31-A08A-D9B2BC6971E9} = {F3B851E8-CBFE-4253-9BA4-2A5296F743AC}
		{E06D6A6D-2B2A-4B37-A687-13EAC0B018C8} = {F3B851E8-CBFE-4253-9BA4-2A5296F743AC}
		{9DCEFF02-4429-4B58-A29F-6F455272E9BE} = {F3B851E8-CBFE-4253-9BA4-2A5296F743AC}
		{DE785FF7-2A15-4ED2-AC71-2DA092D05DBA} = {8A02A56C-A271-43B2-8CF1-10D5C029F449}
		{D2AE8542-9B1E-4A80-ACF0-5082CCA2139B} = {8A02A56C-A271-43B2-8CF1-10D5C029F449}
		{45318DE5-CD97-4B9F-B9AC-129A6E43FADA} = {8A02A56C-A271-43B2-8CF1-10D5C029F449}
		{7D40A326-91B3-4127-821F-A6FEF9B06B94} = {8A02A56C-A271-43B2-8CF1-10D5C029F449}
		{8CE742C7-AB2F-472A-9B01-1E2B5A845DA9} = {8A02A56C-A271-43B2-8CF1-10D5C029F449}
	EndGlobalSection
	GlobalSection(ExtensibilityGlobals) = postSolution
		SolutionGuid = {5567508A-4217-4D14-880C-E2827BFD914A}
	EndGlobalSection
EndGlobal
